
Microsoft Visual Studio Solution File, Format Version 12.00
# Visual Studio 15
VisualStudioVersion = 15.0.26430.6
MinimumVisualStudioVersion = 10.0.40219.1
Project("{2150E333-8FDC-42A3-9474-1A3956D46DE8}") = "Example", "Example", "{2fb33a95-a7ae-4dc4-ac2c-87fb5e85b344}"
EndProject
Project("{FAE04EC0-301F-11D3-BF4B-00C04F79EFBC}") = "Feature.Example", "src\Feature\Example\code\Feature.Example.csproj", "{70436d57-7104-4445-9670-2990ba100ed7}"
EndProject
Project("{2150E333-8FDC-42A3-9474-1A3956D46DE8}") = "Project", "Project", "{6F81D5A7-DD8E-40CF-A696-7E14B6309CD0}"
EndProject
Project("{2150E333-8FDC-42A3-9474-1A3956D46DE8}") = "Group", "Group", "{9D180712-0180-4814-95C8-C9A0732EC28D}"
EndProject
Project("{FAE04EC0-301F-11D3-BF4B-00C04F79EFBC}") = "Sitecore.Demo.Group", "src\Project\Group\code\Sitecore.Demo.Group.csproj", "{4A74623C-08D4-4984-A7A5-E482AF0B0630}"
EndProject
Project("{2150E333-8FDC-42A3-9474-1A3956D46DE8}") = "Configuration", "Configuration", "{0A2EC991-43AF-4CB5-88D6-37ADD014CC19}"
	ProjectSection(SolutionItems) = preProject
		.gitattributes = .gitattributes
		.gitignore = .gitignore
		scripts\applytransform.targets = scripts\applytransform.targets
		gulp-config.js = gulp-config.js
		gulpfile.js = gulpfile.js
		package.json = package.json
		publishsettings.targets = publishsettings.targets
		WebEssentials2015-Settings.json = WebEssentials2015-Settings.json
		src\Project\Group\code\App_Config\Include\Project\z.Sitecore.Demo.Group.DevSettings.config = src\Project\Group\code\App_Config\Include\Project\z.Sitecore.Demo.Group.DevSettings.config
	EndProjectSection
EndProject
Project("{2150E333-8FDC-42A3-9474-1A3956D46DE8}") = "Feature", "Feature", "{517E49C4-A000-42A9-B419-CF57887DE566}"
EndProject
Project("{2150E333-8FDC-42A3-9474-1A3956D46DE8}") = "Events", "Events", "{745FF11E-5A70-4476-9736-D651E9E18BC4}"
EndProject
Project("{FAE04EC0-301F-11D3-BF4B-00C04F79EFBC}") = "Sitecore.Feature.Events", "src\Feature\Events\code\Sitecore.Feature.Events.csproj", "{95DE0AA0-6CFD-4C63-85BC-CD67D34B0531}"
EndProject
Global
	GlobalSection(SolutionConfigurationPlatforms) = preSolution
		Debug|Any CPU = Debug|Any CPU
		Release|Any CPU = Release|Any CPU
	EndGlobalSection
	GlobalSection(ProjectConfigurationPlatforms) = postSolution
		{70436d57-7104-4445-9670-2990ba100ed7}.Debug|Any CPU.ActiveCfg = Release|Any CPU
		{70436d57-7104-4445-9670-2990ba100ed7}.Debug|Any CPU.Build.0 = Release|Any CPU
		{70436d57-7104-4445-9670-2990ba100ed7}.Release|Any CPU.ActiveCfg = Release|Any CPU
		{70436d57-7104-4445-9670-2990ba100ed7}.Release|Any CPU.Build.0 = Release|Any CPU
		{4A74623C-08D4-4984-A7A5-E482AF0B0630}.Debug|Any CPU.ActiveCfg = Debug|Any CPU
		{4A74623C-08D4-4984-A7A5-E482AF0B0630}.Debug|Any CPU.Build.0 = Debug|Any CPU
		{4A74623C-08D4-4984-A7A5-E482AF0B0630}.Release|Any CPU.ActiveCfg = Release|Any CPU
		{4A74623C-08D4-4984-A7A5-E482AF0B0630}.Release|Any CPU.Build.0 = Release|Any CPU
		{95DE0AA0-6CFD-4C63-85BC-CD67D34B0531}.Debug|Any CPU.ActiveCfg = Debug|Any CPU
		{95DE0AA0-6CFD-4C63-85BC-CD67D34B0531}.Debug|Any CPU.Build.0 = Debug|Any CPU
		{95DE0AA0-6CFD-4C63-85BC-CD67D34B0531}.Release|Any CPU.ActiveCfg = Release|Any CPU
		{95DE0AA0-6CFD-4C63-85BC-CD67D34B0531}.Release|Any CPU.Build.0 = Release|Any CPU
	EndGlobalSection
	GlobalSection(SolutionProperties) = preSolution
		HideSolutionNode = FALSE
	EndGlobalSection
	GlobalSection(NestedProjects) = preSolution
		{2fb33a95-a7ae-4dc4-ac2c-87fb5e85b344} = {517E49C4-A000-42A9-B419-CF57887DE566}
		{70436d57-7104-4445-9670-2990ba100ed7} = {2fb33a95-a7ae-4dc4-ac2c-87fb5e85b344}
		{9D180712-0180-4814-95C8-C9A0732EC28D} = {6F81D5A7-DD8E-40CF-A696-7E14B6309CD0}
		{4A74623C-08D4-4984-A7A5-E482AF0B0630} = {9D180712-0180-4814-95C8-C9A0732EC28D}
		{745FF11E-5A70-4476-9736-D651E9E18BC4} = {517E49C4-A000-42A9-B419-CF57887DE566}
		{95DE0AA0-6CFD-4C63-85BC-CD67D34B0531} = {745FF11E-5A70-4476-9736-D651E9E18BC4}
	EndGlobalSection
	GlobalSection(ExtensibilityGlobals) = postSolution
		EnterpriseLibraryConfigurationToolBinariesPathV6 = packages\EnterpriseLibrary.Common.6.0.1304.0\lib\NET45;packages\EnterpriseLibrary.TransientFaultHandling.6.0.1304.0\lib\portable-net45+win+wp8;packages\EnterpriseLibrary.TransientFaultHandling.Caching.6.0.1304.0\lib\NET45;packages\EnterpriseLibrary.TransientFaultHandling.Data.6.0.1304.1\lib\NET45;packages\EnterpriseLibrary.TransientFaultHandling.ServiceBus.6.0.1304.0\lib\NET45;packages\EnterpriseLibrary.TransientFaultHandling.WindowsAzure.Storage.6.0.1304.0\lib\NET45;packages\EnterpriseLibrary.TransientFaultHandling.Configuration.6.0.1304.0\lib\NET45
		SolutionGuid = {CFE085B5-7680-4E39-AAAC-1E684F600008}
	EndGlobalSection
EndGlobal
